# THIS IS AN AUTOGENERATED FILE. DO NOT EDIT THIS FILE DIRECTLY.
# yarn lockfile v1


"@types/jquery-deferred@^0.3.0":
  version "0.3.0"
  resolved "https://registry.yarnpkg.com/@types/jquery-deferred/-/jquery-deferred-0.3.0.tgz#d1cec125dac971e523e75771d71c9a3d6befa529"
  integrity sha512-QpOMjSm4rI4Kc57LRDAWlNtwze4KrD8niPqaYuxVnFREAKrKSrrP0vtE9hew1Kr9KB3xjc/Uq1/gfSHGCuce7Q==

"@types/jquery@^3.5.5":
  version "3.5.14"
  resolved "https://registry.yarnpkg.com/@types/jquery/-/jquery-3.5.14.tgz#ac8e11ee591e94d4d58da602cb3a5a8320dee577"
  integrity sha512-X1gtMRMbziVQkErhTQmSe2jFwwENA/Zr+PprCkF63vFq+Yt5PZ4AlKqgmeNlwgn7dhsXEK888eIW2520EpC+xg==
  dependencies:
    "@types/sizzle" "*"

"@types/sizzle@*":
  version "2.3.3"
  resolved "https://registry.yarnpkg.com/@types/sizzle/-/sizzle-2.3.3.tgz#ff5e2f1902969d305225a047c8a0fd5c915cebef"
  integrity sha512-JYM8x9EGF163bEyhdJBpR2QX1R5naCJHC8ucJylJ3w9/CVBaskdQ8WqBf8MmQrd1kRvp/a4TS8HJ+bxzR7ZJYQ==

"@uploadcare/client-suspense@^1.0.5":
  version "1.0.5"
  resolved "https://registry.yarnpkg.com/@uploadcare/client-suspense/-/client-suspense-1.0.5.tgz#b317b94172340104d5fc35af1b2c0f7c75e35935"
  integrity sha512-bjPBjSFcrH4uvgpZOJYcv+lKzpPntZgU8F4Ycg/KDrqCLqK6N5TCwcgDINR5g28D0+Hb61VgI5LdFsc950Cw4w==

"@uploadcare/react-widget@^2.0.0":
  version "2.0.0"
  resolved "https://registry.yarnpkg.com/@uploadcare/react-widget/-/react-widget-2.0.0.tgz#c87537ae21e4d4bdde05f740383ad089652251a3"
  integrity sha512-krsjBicaQ0slWWN5us+0fzqZ8PClE+ypVdaWx2VTMns6kzNRjpjMp7li4wXPAQipYiDkgLl0rSq+I0Tk39GLLg==
  dependencies:
    "@types/jquery" "^3.5.5"
    "@types/jquery-deferred" "^0.3.0"
    "@uploadcare/client-suspense" "^1.0.5"
    react-fast-compare "^3.2.0"
    uploadcare-widget "^3.17.0"

escape-html@^1.0.3:
  version "1.0.3"
  resolved "https://registry.yarnpkg.com/escape-html/-/escape-html-1.0.3.tgz#0258eae4d3d0c0974de1c169188ef0051d1d1988"
  integrity sha1-Aljq5NPQwJdN4cFpGI7wBR0dGYg=

jquery@^3.6.0:
  version "3.6.0"
  resolved "https://registry.yarnpkg.com/jquery/-/jquery-3.6.0.tgz#c72a09f15c1bdce142f49dbf1170bdf8adac2470"
  integrity sha512-JVzAR/AjBvVt2BmYhxRCSYysDsPcssdmTFnzyLEts9qNwmjmu4JTAMYubEfwVOSwpQ1I1sKKFcxhZCI2buerfw==

react-fast-compare@^3.2.0:
  version "3.2.0"
  resolved "https://registry.yarnpkg.com/react-fast-compare/-/react-fast-compare-3.2.0.tgz#641a9da81b6a6320f270e89724fb45a0b39e43bb"
  integrity sha512-rtGImPZ0YyLrscKI9xTpV8psd6I8VAtjKCzQDlzyDvqJA8XOW78TXYQwNRNd8g8JZnDu8q9Fu/1v4HPAVwVdHA==

uploadcare-widget@^3.17.0:
  version "3.17.2"
  resolved "https://registry.yarnpkg.com/uploadcare-widget/-/uploadcare-widget-3.17.2.tgz#5e09d8c0000eb3653afd9a7ff1d502fb874bbcf7"
  integrity sha512-A9fDKCguevWcFaMCrHROtYzwnMZbOozER6Dru+4zrZH1pP0S7zI/g+7wLv+5U4XZTc5m+4ZrwHrZJzkIRnWeMQ==
  dependencies:
    escape-html "^1.0.3"
    jquery "^3.6.0"
